
Microsoft Visual Studio Solution File, Format Version 12.00
# Visual Studio 14
VisualStudioVersion = 14.0.23107.0
MinimumVisualStudioVersion = 10.0.40219.1
Project("{FAE04EC0-301F-11D3-BF4B-00C04F79EFBC}") = "TK_OrleansDemo", "TK_OrleansDemo\TK_OrleansDemo.csproj", "{C3C7E8C4-C3A7-4B48-84E6-A0954C116003}"
EndProject
Project("{FAE04EC0-301F-11D3-BF4B-00C04F79EFBC}") = "TK_OrleansDemoClient", "TK_OrleansDemoController\TK_OrleansDemoClient.csproj", "{6FF81716-959E-4FA3-B8C3-C3F886F50A2A}"
EndProject
Project("{FAE04EC0-301F-11D3-BF4B-00C04F79EFBC}") = "TKOrleansInterfaces", "TKOrleansInterfaces\TKOrleansInterfaces.csproj", "{4A206FDF-58F9-4AC4-A42B-095EBC4526B5}"
EndProject
Global
	GlobalSection(SolutionConfigurationPlatforms) = preSolution
		Debug|Any CPU = Debug|Any CPU
		Release|Any CPU = Release|Any CPU
	EndGlobalSection
	GlobalSection(ProjectConfigurationPlatforms) = postSolution
		{C3C7E8C4-C3A7-4B48-84E6-A0954C116003}.Debug|Any CPU.ActiveCfg = Debug|Any CPU
		{C3C7E8C4-C3A7-4B48-84E6-A0954C116003}.Debug|Any CPU.Build.0 = Debug|Any CPU
		{C3C7E8C4-C3A7-4B48-84E6-A0954C116003}.Release|Any CPU.ActiveCfg = Release|Any CPU
		{C3C7E8C4-C3A7-4B48-84E6-A0954C116003}.Release|Any CPU.Build.0 = Release|Any CPU
		{6FF81716-959E-4FA3-B8C3-C3F886F50A2A}.Debug|Any CPU.ActiveCfg = Debug|Any CPU
		{6FF81716-959E-4FA3-B8C3-C3F886F50A2A}.Debug|Any CPU.Build.0 = Debug|Any CPU
		{6FF81716-959E-4FA3-B8C3-C3F886F50A2A}.Release|Any CPU.ActiveCfg = Release|Any CPU
		{6FF81716-959E-4FA3-B8C3-C3F886F50A2A}.Release|Any CPU.Build.0 = Release|Any CPU
		{4A206FDF-58F9-4AC4-A42B-095EBC4526B5}.Debug|Any CPU.ActiveCfg = Debug|Any CPU
		{4A206FDF-58F9-4AC4-A42B-095EBC4526B5}.Debug|Any CPU.Build.0 = Debug|Any CPU
		{4A206FDF-58F9-4AC4-A42B-095EBC4526B5}.Release|Any CPU.ActiveCfg = Release|Any CPU
		{4A206FDF-58F9-4AC4-A42B-095EBC4526B5}.Release|Any CPU.Build.0 = Release|Any CPU
	EndGlobalSection
	GlobalSection(SolutionProperties) = preSolution
		HideSolutionNode = FALSE
	EndGlobalSection
EndGlobal
